
Microsoft Visual Studio Solution File, Format Version 12.00
# Visual Studio Version 16
VisualStudioVersion = 16.0.33214.272
MinimumVisualStudioVersion = 10.0.40219.1
Project("{9A19103F-16F7-4668-BE54-9A1E7A4F7556}") = "lab2_friz", "lab2_friz\lab2_friz.csproj", "{C2A16B74-ED80-4846-90C9-F458B282E80F}"
EndProject
Project("{9A19103F-16F7-4668-BE54-9A1E7A4F7556}") = "task4", "task4\task4.csproj", "{4B8A3EED-7159-4A4A-A8D6-EF242841556A}"
EndProject
Project("{9A19103F-16F7-4668-BE54-9A1E7A4F7556}") = "task5", "task5\task5.csproj", "{86F0599E-4C10-4285-B463-9B702AE05B6D}"
EndProject
Project("{FAE04EC0-301F-11D3-BF4B-00C04F79EFBC}") = "task1", "task1\task1.csproj", "{208BDD99-84B1-418F-819A-54DC48123CA0}"
EndProject
Project("{FAE04EC0-301F-11D3-BF4B-00C04F79EFBC}") = "task2", "task2\task2.csproj", "{9A1CB1E0-6679-46BF-949E-EA0C6E6ECC7A}"
EndProject
Project("{FAE04EC0-301F-11D3-BF4B-00C04F79EFBC}") = "task3", "task3\task3.csproj", "{5C3BB302-DB17-47F4-91D4-3A983EF58396}"
EndProject
Global
	GlobalSection(SolutionConfigurationPlatforms) = preSolution
		Debug|Any CPU = Debug|Any CPU
		Release|Any CPU = Release|Any CPU
	EndGlobalSection
	GlobalSection(ProjectConfigurationPlatforms) = postSolution
		{C2A16B74-ED80-4846-90C9-F458B282E80F}.Debug|Any CPU.ActiveCfg = Debug|Any CPU
		{C2A16B74-ED80-4846-90C9-F458B282E80F}.Debug|Any CPU.Build.0 = Debug|Any CPU
		{C2A16B74-ED80-4846-90C9-F458B282E80F}.Release|Any CPU.ActiveCfg = Release|Any CPU
		{C2A16B74-ED80-4846-90C9-F458B282E80F}.Release|Any CPU.Build.0 = Release|Any CPU
		{4B8A3EED-7159-4A4A-A8D6-EF242841556A}.Debug|Any CPU.ActiveCfg = Debug|Any CPU
		{4B8A3EED-7159-4A4A-A8D6-EF242841556A}.Debug|Any CPU.Build.0 = Debug|Any CPU
		{4B8A3EED-7159-4A4A-A8D6-EF242841556A}.Release|Any CPU.ActiveCfg = Release|Any CPU
		{4B8A3EED-7159-4A4A-A8D6-EF242841556A}.Release|Any CPU.Build.0 = Release|Any CPU
		{86F0599E-4C10-4285-B463-9B702AE05B6D}.Debug|Any CPU.ActiveCfg = Debug|Any CPU
		{86F0599E-4C10-4285-B463-9B702AE05B6D}.Debug|Any CPU.Build.0 = Debug|Any CPU
		{86F0599E-4C10-4285-B463-9B702AE05B6D}.Release|Any CPU.ActiveCfg = Release|Any CPU
		{86F0599E-4C10-4285-B463-9B702AE05B6D}.Release|Any CPU.Build.0 = Release|Any CPU
		{208BDD99-84B1-418F-819A-54DC48123CA0}.Debug|Any CPU.ActiveCfg = Debug|Any CPU
		{208BDD99-84B1-418F-819A-54DC48123CA0}.Debug|Any CPU.Build.0 = Debug|Any CPU
		{208BDD99-84B1-418F-819A-54DC48123CA0}.Release|Any CPU.ActiveCfg = Release|Any CPU
		{208BDD99-84B1-418F-819A-54DC48123CA0}.Release|Any CPU.Build.0 = Release|Any CPU
		{9A1CB1E0-6679-46BF-949E-EA0C6E6ECC7A}.Debug|Any CPU.ActiveCfg = Debug|Any CPU
		{9A1CB1E0-6679-46BF-949E-EA0C6E6ECC7A}.Debug|Any CPU.Build.0 = Debug|Any CPU
		{9A1CB1E0-6679-46BF-949E-EA0C6E6ECC7A}.Release|Any CPU.ActiveCfg = Release|Any CPU
		{9A1CB1E0-6679-46BF-949E-EA0C6E6ECC7A}.Release|Any CPU.Build.0 = Release|Any CPU
		{5C3BB302-DB17-47F4-91D4-3A983EF58396}.Debug|Any CPU.ActiveCfg = Debug|Any CPU
		{5C3BB302-DB17-47F4-91D4-3A983EF58396}.Debug|Any CPU.Build.0 = Debug|Any CPU
		{5C3BB302-DB17-47F4-91D4-3A983EF58396}.Release|Any CPU.ActiveCfg = Release|Any CPU
		{5C3BB302-DB17-47F4-91D4-3A983EF58396}.Release|Any CPU.Build.0 = Release|Any CPU
	EndGlobalSection
	GlobalSection(SolutionProperties) = preSolution
		HideSolutionNode = FALSE
	EndGlobalSection
	GlobalSection(ExtensibilityGlobals) = postSolution
		SolutionGuid = {BF3C9603-843F-4E16-AE63-42F2920E961D}
	EndGlobalSection
EndGlobal
